{
  "nodes": {
    "data": {
      "flake": false,
      "locked": {
        "lastModified": 1756513256,
        "narHash": "sha256-DFaFGR86m6AmejdgU+rCoiG52a+gRmjuJc7lxxPFnCM=",
        "owner": "andre4ik3",
        "repo": "nix-mozilla-addons",
        "rev": "2a3bf73ef37da608605633061d3b81f280d027d2",
        "type": "github"
      },
      "original": {
        "owner": "andre4ik3",
        "ref": "data",
        "repo": "nix-mozilla-addons",
        "type": "github"
      }
    },
    "flake-compat": {
      "locked": {
        "lastModified": 1746162366,
        "narHash": "sha256-5SSSZ/oQkwfcAz/o/6TlejlVGqeK08wyREBQ5qFFPhM=",
        "owner": "nix-community",
        "repo": "flake-compat",
        "rev": "0f158086a2ecdbb138cd0429410e44994f1b7e4b",
        "type": "github"
      },
      "original": {
        "owner": "nix-community",
        "repo": "flake-compat",
        "type": "github"
      }
    },
    "nixpkgs": {
      "locked": {
        "lastModified": 1756617294,
        "narHash": "sha256-aGnd4AHIYCWQKChAkHPpX+YYCt7pA6y2LFFA/s8q0wQ=",
        "owner": "NixOS",
        "repo": "nixpkgs",
        "rev": "b4c2c57c31e68544982226d07e4719a2d86302a8",
        "type": "github"
      },
      "original": {
        "owner": "NixOS",
        "ref": "release-25.05",
        "repo": "nixpkgs",
        "type": "github"
      }
    },
    "root": {
      "inputs": {
        "data": "data",
        "flake-compat": "flake-compat",
        "nixpkgs": "nixpkgs"
      }
    }
  },
  "root": "root",
  "version": 7
}
