{
  "nodes": {
    "data": {
      "flake": false,
      "locked": {
        "lastModified": 1757745668,
        "narHash": "sha256-GrR9DihWq2WCHDrbKWHLnws7FBU3qLxPUVzyZJLpRWk=",
        "owner": "andre4ik3",
        "repo": "nix-mozilla-addons",
        "rev": "8fa35a0fe7410a4aae493e3c3933ac65c86c6718",
        "type": "github"
      },
      "original": {
        "owner": "andre4ik3",
        "ref": "data",
        "repo": "nix-mozilla-addons",
        "type": "github"
      }
    },
    "flake-compat": {
      "locked": {
        "lastModified": 1746162366,
        "narHash": "sha256-5SSSZ/oQkwfcAz/o/6TlejlVGqeK08wyREBQ5qFFPhM=",
        "owner": "nix-community",
        "repo": "flake-compat",
        "rev": "0f158086a2ecdbb138cd0429410e44994f1b7e4b",
        "type": "github"
      },
      "original": {
        "owner": "nix-community",
        "repo": "flake-compat",
        "type": "github"
      }
    },
    "nixpkgs": {
      "locked": {
        "lastModified": 1757545623,
        "narHash": "sha256-mCxPABZ6jRjUQx3bPP4vjA68ETbPLNz9V2pk9tO7pRQ=",
        "owner": "NixOS",
        "repo": "nixpkgs",
        "rev": "8cd5ce828d5d1d16feff37340171a98fc3bf6526",
        "type": "github"
      },
      "original": {
        "owner": "NixOS",
        "ref": "nixos-25.05",
        "repo": "nixpkgs",
        "type": "github"
      }
    },
    "root": {
      "inputs": {
        "data": "data",
        "flake-compat": "flake-compat",
        "nixpkgs": "nixpkgs"
      }
    }
  },
  "root": "root",
  "version": 7
}
