{
  "nodes": {
    "data": {
      "flake": false,
      "locked": {
        "lastModified": 1756174325,
        "narHash": "sha256-jzv1WVW/3+8RuZ+mxuwXsTB8xkZqutwZLO6erZTO79g=",
        "owner": "andre4ik3",
        "repo": "nix-mozilla-addons",
        "rev": "172c6c226037594197e48f5c1ae5c3c5f5343f4c",
        "type": "github"
      },
      "original": {
        "owner": "andre4ik3",
        "ref": "data",
        "repo": "nix-mozilla-addons",
        "type": "github"
      }
    },
    "flake-compat": {
      "locked": {
        "lastModified": 1746162366,
        "narHash": "sha256-5SSSZ/oQkwfcAz/o/6TlejlVGqeK08wyREBQ5qFFPhM=",
        "owner": "nix-community",
        "repo": "flake-compat",
        "rev": "0f158086a2ecdbb138cd0429410e44994f1b7e4b",
        "type": "github"
      },
      "original": {
        "owner": "nix-community",
        "repo": "flake-compat",
        "type": "github"
      }
    },
    "nixpkgs": {
      "locked": {
        "lastModified": 1754983092,
        "narHash": "sha256-+f19hCi22vRyjynJDfiN1qej7LsYPABQf+svxme1r2I=",
        "owner": "NixOS",
        "repo": "nixpkgs",
        "rev": "aa68d16c20fa0bc9f43fad423af5c40b990fdf6d",
        "type": "github"
      },
      "original": {
        "owner": "NixOS",
        "ref": "release-25.05",
        "repo": "nixpkgs",
        "type": "github"
      }
    },
    "root": {
      "inputs": {
        "data": "data",
        "flake-compat": "flake-compat",
        "nixpkgs": "nixpkgs"
      }
    }
  },
  "root": "root",
  "version": 7
}
